
Microsoft Visual Studio Solution File, Format Version 12.00
# Visual Studio 15
VisualStudioVersion = 15.0.27428.2043
MinimumVisualStudioVersion = 10.0.40219.1
Project("{FAE04EC0-301F-11D3-BF4B-00C04F79EFBC}") = "bndes-sc", "bndes-sc\bndes-sc.csproj", "{9ECC1665-5120-40AF-961A-9BB6DACE7292}"
EndProject
Global
	GlobalSection(SolutionConfigurationPlatforms) = preSolution
		Debug|Any CPU = Debug|Any CPU
		Release|Any CPU = Release|Any CPU
	EndGlobalSection
	GlobalSection(ProjectConfigurationPlatforms) = postSolution
		{9ECC1665-5120-40AF-961A-9BB6DACE7292}.Debug|Any CPU.ActiveCfg = Debug|Any CPU
		{9ECC1665-5120-40AF-961A-9BB6DACE7292}.Debug|Any CPU.Build.0 = Debug|Any CPU
		{9ECC1665-5120-40AF-961A-9BB6DACE7292}.Release|Any CPU.ActiveCfg = Release|Any CPU
		{9ECC1665-5120-40AF-961A-9BB6DACE7292}.Release|Any CPU.Build.0 = Release|Any CPU
	EndGlobalSection
	GlobalSection(SolutionProperties) = preSolution
		HideSolutionNode = FALSE
	EndGlobalSection
	GlobalSection(ExtensibilityGlobals) = postSolution
		SolutionGuid = {1ABB6986-D296-4B6E-A0DB-8186539BA200}
	EndGlobalSection
EndGlobal
